dependencies:
- name: frontend
  repository: file://../charts/frontend
  version: 1.0.0
- name: gateway
  repository: file://../charts/gateway
  version: 1.0.0
- name: users
  repository: file://../charts/users
  version: 1.0.0
- name: stores
  repository: file://../charts/stores
  version: 1.0.0
- name: order
  repository: file://../charts/order
  version: 1.0.0
- name: payment
  repository: file://../charts/payment
  version: 1.0.0
- name: order-query
  repository: file://../charts/order-query
  version: 1.0.0
- name: checkins
  repository: file://../charts/checkins
  version: 1.0.0
- name: common
  repository: file://../charts/common
  version: 1.0.0
digest: sha256:ed019f6aaf9824239631c403431a2f82cee33c16489c39d4939088dea07fc4cf
generated: "2026-02-19T13:31:35.619166+09:00"
