dependencies:
- name: loki
  repository: https://grafana.github.io/helm-charts
  version: 6.53.0
- name: tempo
  repository: https://grafana.github.io/helm-charts
  version: 1.24.4
- name: mimir-distributed
  repository: https://grafana.github.io/helm-charts
  version: 5.8.0
- name: grafana
  repository: https://grafana.github.io/helm-charts
  version: 10.5.15
- name: fluent-bit
  repository: https://fluent.github.io/helm-charts
  version: 0.55.0
digest: sha256:875c7349f6cfda843f0f34e46519f1b48381f3992e59b7a353698641b8c16c3a
generated: "2026-02-22T18:42:02.351881+09:00"
